
Microsoft Visual Studio Solution File, Format Version 12.00
# Visual Studio 14
VisualStudioVersion = 14.0.25420.1
MinimumVisualStudioVersion = 10.0.40219.1
Project("{FAE04EC0-301F-11D3-BF4B-00C04F79EFBC}") = "zooTurnstileSync", "zooTurnstileSync\zooTurnstileSync.csproj", "{D77A02A9-52B9-4A2D-9D2F-F4E6E9062434}"
EndProject
Project("{6141683F-8A12-4E36-9623-2EB02B2C2303}") = "Setup", "Setup\Setup.isproj", "{4EE30995-BBF9-4158-B2FB-F31D9D2A1BF7}"
	ProjectSection(ProjectDependencies) = postProject
		{D77A02A9-52B9-4A2D-9D2F-F4E6E9062434} = {D77A02A9-52B9-4A2D-9D2F-F4E6E9062434}
	EndProjectSection
EndProject
Global
	GlobalSection(SolutionConfigurationPlatforms) = preSolution
		CD_ROM|Any CPU = CD_ROM|Any CPU
		Debug|Any CPU = Debug|Any CPU
		DVD-5|Any CPU = DVD-5|Any CPU
		Release|Any CPU = Release|Any CPU
		SingleImage|Any CPU = SingleImage|Any CPU
	EndGlobalSection
	GlobalSection(ProjectConfigurationPlatforms) = postSolution
		{D77A02A9-52B9-4A2D-9D2F-F4E6E9062434}.CD_ROM|Any CPU.ActiveCfg = Release|Any CPU
		{D77A02A9-52B9-4A2D-9D2F-F4E6E9062434}.CD_ROM|Any CPU.Build.0 = Release|Any CPU
		{D77A02A9-52B9-4A2D-9D2F-F4E6E9062434}.Debug|Any CPU.ActiveCfg = Debug|Any CPU
		{D77A02A9-52B9-4A2D-9D2F-F4E6E9062434}.Debug|Any CPU.Build.0 = Debug|Any CPU
		{D77A02A9-52B9-4A2D-9D2F-F4E6E9062434}.DVD-5|Any CPU.ActiveCfg = Debug|Any CPU
		{D77A02A9-52B9-4A2D-9D2F-F4E6E9062434}.DVD-5|Any CPU.Build.0 = Debug|Any CPU
		{D77A02A9-52B9-4A2D-9D2F-F4E6E9062434}.Release|Any CPU.ActiveCfg = Release|Any CPU
		{D77A02A9-52B9-4A2D-9D2F-F4E6E9062434}.Release|Any CPU.Build.0 = Release|Any CPU
		{D77A02A9-52B9-4A2D-9D2F-F4E6E9062434}.Release|Any CPU.Deploy.0 = Release|Any CPU
		{D77A02A9-52B9-4A2D-9D2F-F4E6E9062434}.SingleImage|Any CPU.ActiveCfg = Release|Any CPU
		{D77A02A9-52B9-4A2D-9D2F-F4E6E9062434}.SingleImage|Any CPU.Build.0 = Release|Any CPU
		{4EE30995-BBF9-4158-B2FB-F31D9D2A1BF7}.CD_ROM|Any CPU.ActiveCfg = CD_ROM
		{4EE30995-BBF9-4158-B2FB-F31D9D2A1BF7}.CD_ROM|Any CPU.Build.0 = CD_ROM
		{4EE30995-BBF9-4158-B2FB-F31D9D2A1BF7}.Debug|Any CPU.ActiveCfg = DVD-5
		{4EE30995-BBF9-4158-B2FB-F31D9D2A1BF7}.Debug|Any CPU.Build.0 = DVD-5
		{4EE30995-BBF9-4158-B2FB-F31D9D2A1BF7}.DVD-5|Any CPU.ActiveCfg = DVD-5
		{4EE30995-BBF9-4158-B2FB-F31D9D2A1BF7}.DVD-5|Any CPU.Build.0 = DVD-5
		{4EE30995-BBF9-4158-B2FB-F31D9D2A1BF7}.Release|Any CPU.ActiveCfg = SingleImage
		{4EE30995-BBF9-4158-B2FB-F31D9D2A1BF7}.Release|Any CPU.Build.0 = SingleImage
		{4EE30995-BBF9-4158-B2FB-F31D9D2A1BF7}.SingleImage|Any CPU.ActiveCfg = SingleImage
		{4EE30995-BBF9-4158-B2FB-F31D9D2A1BF7}.SingleImage|Any CPU.Build.0 = SingleImage
	EndGlobalSection
	GlobalSection(SolutionProperties) = preSolution
		HideSolutionNode = FALSE
	EndGlobalSection
EndGlobal
